// !$*UTF8*$!
{
	archiveVersion = 1;
	classes = {
	};
	objectVersion = 46;
	objects = {

/* Begin PBXBuildFile section */
		3E094E53A606AB631121DDA2 /* Pods_TabSample.framework in Frameworks */ = {isa = PBXBuildFile; fileRef = F7749B337AD1E5B5A2C0B567 /* Pods_TabSample.framework */; };
		B67342EF1EC42FF300F70CB9 /* AppDelegate.swift in Sources */ = {isa = PBXBuildFile; fileRef = B67342EE1EC42FF300F70CB9 /* AppDelegate.swift */; };
		B67342F11EC42FF300F70CB9 /* ViewController.swift in Sources */ = {isa = PBXBuildFile; fileRef = B67342F01EC42FF300F70CB9 /* ViewController.swift */; };
		B67342F41EC42FF300F70CB9 /* Main.storyboard in Resources */ = {isa = PBXBuildFile; fileRef = B67342F21EC42FF300F70CB9 /* Main.storyboard */; };
		B67342F71EC42FF300F70CB9 /* TabSample.xcdatamodeld in Sources */ = {isa = PBXBuildFile; fileRef = B67342F51EC42FF300F70CB9 /* TabSample.xcdatamodeld */; };
		B67342F91EC42FF300F70CB9 /* Assets.xcassets in Resources */ = {isa = PBXBuildFile; fileRef = B67342F81EC42FF300F70CB9 /* Assets.xcassets */; };
		B67342FC1EC42FF300F70CB9 /* LaunchScreen.storyboard in Resources */ = {isa = PBXBuildFile; fileRef = B67342FA1EC42FF300F70CB9 /* LaunchScreen.storyboard */; };
		B67343041EC4339600F70CB9 /* FirstViewController.swift in Sources */ = {isa = PBXBuildFile; fileRef = B67343031EC4339600F70CB9 /* FirstViewController.swift */; };
		B67343061EC434F100F70CB9 /* SecondViewController.swift in Sources */ = {isa = PBXBuildFile; fileRef = B67343051EC434F100F70CB9 /* SecondViewController.swift */; };
		B67343081EC4350E00F70CB9 /* ThirdViewController.swift in Sources */ = {isa = PBXBuildFile; fileRef = B67343071EC4350E00F70CB9 /* ThirdViewController.swift */; };
		B6DDD8C21ECAC9A300345960 /* FourthViewController.swift in Sources */ = {isa = PBXBuildFile; fileRef = B6DDD8C11ECAC9A300345960 /* FourthViewController.swift */; };
		B6DDD8C41ECAD58C00345960 /* FifthViewController.swift in Sources */ = {isa = PBXBuildFile; fileRef = B6DDD8C31ECAD58C00345960 /* FifthViewController.swift */; };
/* End PBXBuildFile section */

/* Begin PBXFileReference section */
		B67342EB1EC42FF300F70CB9 /* TabSample.app */ = {isa = PBXFileReference; explicitFileType = wrapper.application; includeInIndex = 0; path = TabSample.app; sourceTree = BUILT_PRODUCTS_DIR; };
		B67342EE1EC42FF300F70CB9 /* AppDelegate.swift */ = {isa = PBXFileReference; lastKnownFileType = sourcecode.swift; path = AppDelegate.swift; sourceTree = "<group>"; };
		B67342F01EC42FF300F70CB9 /* ViewController.swift */ = {isa = PBXFileReference; lastKnownFileType = sourcecode.swift; path = ViewController.swift; sourceTree = "<group>"; };
		B67342F31EC42FF300F70CB9 /* Base */ = {isa = PBXFileReference; lastKnownFileType = file.storyboard; name = Base; path = Base.lproj/Main.storyboard; sourceTree = "<group>"; };
		B67342F61EC42FF300F70CB9 /* TabSample.xcdatamodel */ = {isa = PBXFileReference; lastKnownFileType = wrapper.xcdatamodel; path = TabSample.xcdatamodel; sourceTree = "<group>"; };
		B67342F81EC42FF300F70CB9 /* Assets.xcassets */ = {isa = PBXFileReference; lastKnownFileType = folder.assetcatalog; path = Assets.xcassets; sourceTree = "<group>"; };
		B67342FB1EC42FF300F70CB9 /* Base */ = {isa = PBXFileReference; lastKnownFileType = file.storyboard; name = Base; path = Base.lproj/LaunchScreen.storyboard; sourceTree = "<group>"; };
		B67342FD1EC42FF300F70CB9 /* Info.plist */ = {isa = PBXFileReference; lastKnownFileType = text.plist.xml; path = Info.plist; sourceTree = "<group>"; };
		B67343031EC4339600F70CB9 /* FirstViewController.swift */ = {isa = PBXFileReference; fileEncoding = 4; lastKnownFileType = sourcecode.swift; path = FirstViewController.swift; sourceTree = "<group>"; };
		B67343051EC434F100F70CB9 /* SecondViewController.swift */ = {isa = PBXFileReference; fileEncoding = 4; lastKnownFileType = sourcecode.swift; path = SecondViewController.swift; sourceTree = "<group>"; };
		B67343071EC4350E00F70CB9 /* ThirdViewController.swift */ = {isa = PBXFileReference; fileEncoding = 4; lastKnownFileType = sourcecode.swift; path = ThirdViewController.swift; sourceTree = "<group>"; };
		B6DDD8C11ECAC9A300345960 /* FourthViewController.swift */ = {isa = PBXFileReference; fileEncoding = 4; lastKnownFileType = sourcecode.swift; path = FourthViewController.swift; sourceTree = "<group>"; };
		B6DDD8C31ECAD58C00345960 /* FifthViewController.swift */ = {isa = PBXFileReference; fileEncoding = 4; lastKnownFileType = sourcecode.swift; path = FifthViewController.swift; sourceTree = "<group>"; };
		D089A6ACEC80D0C5E0064107 /* Pods-TabSample.debug.xcconfig */ = {isa = PBXFileReference; includeInIndex = 1; lastKnownFileType = text.xcconfig; name = "Pods-TabSample.debug.xcconfig"; path = "Pods/Target Support Files/Pods-TabSample/Pods-TabSample.debug.xcconfig"; sourceTree = "<group>"; };
		F2A8D764CB120FBF03C755D6 /* Pods-TabSample.release.xcconfig */ = {isa = PBXFileReference; includeInIndex = 1; lastKnownFileType = text.xcconfig; name = "Pods-TabSample.release.xcconfig"; path = "Pods/Target Support Files/Pods-TabSample/Pods-TabSample.release.xcconfig"; sourceTree = "<group>"; };
		F7749B337AD1E5B5A2C0B567 /* Pods_TabSample.framework */ = {isa = PBXFileReference; explicitFileType = wrapper.framework; includeInIndex = 0; path = Pods_TabSample.framework; sourceTree = BUILT_PRODUCTS_DIR; };
/* End PBXFileReference section */

/* Begin PBXFrameworksBuildPhase section */
		B67342E81EC42FF300F70CB9 /* Frameworks */ = {
			isa = PBXFrameworksBuildPhase;
			buildActionMask = 2147483647;
			files = (
				3E094E53A606AB631121DDA2 /* Pods_TabSample.framework in Frameworks */,
			);
			runOnlyForDeploymentPostprocessing = 0;
		};
/* End PBXFrameworksBuildPhase section */

/* Begin PBXGroup section */
		2878F0E56A55BE94D52DB0D3 /* Frameworks */ = {
			isa = PBXGroup;
			children = (
				F7749B337AD1E5B5A2C0B567 /* Pods_TabSample.framework */,
			);
			name = Frameworks;
			sourceTree = "<group>";
		};
		3C21CCE0DC76303031859460 /* Pods */ = {
			isa = PBXGroup;
			children = (
				D089A6ACEC80D0C5E0064107 /* Pods-TabSample.debug.xcconfig */,
				F2A8D764CB120FBF03C755D6 /* Pods-TabSample.release.xcconfig */,
			);
			name = Pods;
			sourceTree = "<group>";
		};
		B67342E21EC42FF300F70CB9 = {
			isa = PBXGroup;
			children = (
				B67342ED1EC42FF300F70CB9 /* TabSample */,
				B67342EC1EC42FF300F70CB9 /* Products */,
				3C21CCE0DC76303031859460 /* Pods */,
				2878F0E56A55BE94D52DB0D3 /* Frameworks */,
			);
			sourceTree = "<group>";
		};
		B67342EC1EC42FF300F70CB9 /* Products */ = {
			isa = PBXGroup;
			children = (
				B67342EB1EC42FF300F70CB9 /* TabSample.app */,
			);
			name = Products;
			sourceTree = "<group>";
		};
		B67342ED1EC42FF300F70CB9 /* TabSample */ = {
			isa = PBXGroup;
			children = (
				B67342EE1EC42FF300F70CB9 /* AppDelegate.swift */,
				B67342F01EC42FF300F70CB9 /* ViewController.swift */,
				B67342F21EC42FF300F70CB9 /* Main.storyboard */,
				B67342F81EC42FF300F70CB9 /* Assets.xcassets */,
				B67342FA1EC42FF300F70CB9 /* LaunchScreen.storyboard */,
				B67342FD1EC42FF300F70CB9 /* Info.plist */,
				B67342F51EC42FF300F70CB9 /* TabSample.xcdatamodeld */,
				B67343031EC4339600F70CB9 /* FirstViewController.swift */,
				B67343051EC434F100F70CB9 /* SecondViewController.swift */,
				B67343071EC4350E00F70CB9 /* ThirdViewController.swift */,
				B6DDD8C11ECAC9A300345960 /* FourthViewController.swift */,
				B6DDD8C31ECAD58C00345960 /* FifthViewController.swift */,
			);
			path = TabSample;
			sourceTree = "<group>";
		};
/* End PBXGroup section */

/* Begin PBXNativeTarget section */
		B67342EA1EC42FF300F70CB9 /* TabSample */ = {
			isa = PBXNativeTarget;
			buildConfigurationList = B67343001EC42FF300F70CB9 /* Build configuration list for PBXNativeTarget "TabSample" */;
			buildPhases = (
				BFECB087C6D37EDD70F378D1 /* [CP] Check Pods Manifest.lock */,
				B67342E71EC42FF300F70CB9 /* Sources */,
				B67342E81EC42FF300F70CB9 /* Frameworks */,
				B67342E91EC42FF300F70CB9 /* Resources */,
				EF3BBE6A2599E805C6E48016 /* [CP] Embed Pods Frameworks */,
				3BC09E37BA91E111617F7248 /* [CP] Copy Pods Resources */,
			);
			buildRules = (
			);
			dependencies = (
			);
			name = TabSample;
			productName = TabSample;
			productReference = B67342EB1EC42FF300F70CB9 /* TabSample.app */;
			productType = "com.apple.product-type.application";
		};
/* End PBXNativeTarget section */

/* Begin PBXProject section */
		B67342E31EC42FF300F70CB9 /* Project object */ = {
			isa = PBXProject;
			attributes = {
				LastSwiftUpdateCheck = 0830;
				LastUpgradeCheck = 0830;
				ORGANIZATIONNAME = ShigeruSuzuki;
				TargetAttributes = {
					B67342EA1EC42FF300F70CB9 = {
						CreatedOnToolsVersion = 8.3.2;
						DevelopmentTeam = 9BA693QNQ5;
						ProvisioningStyle = Automatic;
					};
				};
			};
			buildConfigurationList = B67342E61EC42FF300F70CB9 /* Build configuration list for PBXProject "TabSample" */;
			compatibilityVersion = "Xcode 3.2";
			developmentRegion = English;
			hasScannedForEncodings = 0;
			knownRegions = (
				en,
				Base,
			);
			mainGroup = B67342E21EC42FF300F70CB9;
			productRefGroup = B67342EC1EC42FF300F70CB9 /* Products */;
			projectDirPath = "";
			projectRoot = "";
			targets = (
				B67342EA1EC42FF300F70CB9 /* TabSample */,
			);
		};
/* End PBXProject section */

/* Begin PBXResourcesBuildPhase section */
		B67342E91EC42FF300F70CB9 /* Resources */ = {
			isa = PBXResourcesBuildPhase;
			buildActionMask = 2147483647;
			files = (
				B67342FC1EC42FF300F70CB9 /* LaunchScreen.storyboard in Resources */,
				B67342F91EC42FF300F70CB9 /* Assets.xcassets in Resources */,
				B67342F41EC42FF300F70CB9 /* Main.storyboard in Resources */,
			);
			runOnlyForDeploymentPostprocessing = 0;
		};
/* End PBXResourcesBuildPhase section */

/* Begin PBXShellScriptBuildPhase section */
		3BC09E37BA91E111617F7248 /* [CP] Copy Pods Resources */ = {
			isa = PBXShellScriptBuildPhase;
			buildActionMask = 2147483647;
			files = (
			);
			inputPaths = (
			);
			name = "[CP] Copy Pods Resources";
			outputPaths = (
			);
			runOnlyForDeploymentPostprocessing = 0;
			shellPath = /bin/sh;
			shellScript = "\"${SRCROOT}/Pods/Target Support Files/Pods-TabSample/Pods-TabSample-resources.sh\"\n";
			showEnvVarsInLog = 0;
		};
		BFECB087C6D37EDD70F378D1 /* [CP] Check Pods Manifest.lock */ = {
			isa = PBXShellScriptBuildPhase;
			buildActionMask = 2147483647;
			files = (
			);
			inputPaths = (
			);
			name = "[CP] Check Pods Manifest.lock";
			outputPaths = (
			);
			runOnlyForDeploymentPostprocessing = 0;
			shellPath = /bin/sh;
			shellScript = "diff \"${PODS_ROOT}/../Podfile.lock\" \"${PODS_ROOT}/Manifest.lock\" > /dev/null\nif [ $? != 0 ] ; then\n    # print error to STDERR\n    echo \"error: The sandbox is not in sync with the Podfile.lock. Run 'pod install' or update your CocoaPods installation.\" >&2\n    exit 1\nfi\n";
			showEnvVarsInLog = 0;
		};
		EF3BBE6A2599E805C6E48016 /* [CP] Embed Pods Frameworks */ = {
			isa = PBXShellScriptBuildPhase;
			buildActionMask = 2147483647;
			files = (
			);
			inputPaths = (
			);
			name = "[CP] Embed Pods Frameworks";
			outputPaths = (
			);
			runOnlyForDeploymentPostprocessing = 0;
			shellPath = /bin/sh;
			shellScript = "\"${SRCROOT}/Pods/Target Support Files/Pods-TabSample/Pods-TabSample-frameworks.sh\"\n";
			showEnvVarsInLog = 0;
		};
/* End PBXShellScriptBuildPhase section */

/* Begin PBXSourcesBuildPhase section */
		B67342E71EC42FF300F70CB9 /* Sources */ = {
			isa = PBXSourcesBuildPhase;
			buildActionMask = 2147483647;
			files = (
				B67342F11EC42FF300F70CB9 /* ViewController.swift in Sources */,
				B67342F71EC42FF300F70CB9 /* TabSample.xcdatamodeld in Sources */,
				B67342EF1EC42FF300F70CB9 /* AppDelegate.swift in Sources */,
				B6DDD8C21ECAC9A300345960 /* FourthViewController.swift in Sources */,
				B6DDD8C41ECAD58C00345960 /* FifthViewController.swift in Sources */,
				B67343061EC434F100F70CB9 /* SecondViewController.swift in Sources */,
				B67343081EC4350E00F70CB9 /* ThirdViewController.swift in Sources */,
				B67343041EC4339600F70CB9 /* FirstViewController.swift in Sources */,
			);
			runOnlyForDeploymentPostprocessing = 0;
		};
/* End PBXSourcesBuildPhase section */

/* Begin PBXVariantGroup section */
		B67342F21EC42FF300F70CB9 /* Main.storyboard */ = {
			isa = PBXVariantGroup;
			children = (
				B67342F31EC42FF300F70CB9 /* Base */,
			);
			name = Main.storyboard;
			sourceTree = "<group>";
		};
		B67342FA1EC42FF300F70CB9 /* LaunchScreen.storyboard */ = {
			isa = PBXVariantGroup;
			children = (
				B67342FB1EC42FF300F70CB9 /* Base */,
			);
			name = LaunchScreen.storyboard;
			sourceTree = "<group>";
		};
/* End PBXVariantGroup section */

/* Begin XCBuildConfiguration section */
		B67342FE1EC42FF300F70CB9 /* Debug */ = {
			isa = XCBuildConfiguration;
			buildSettings = {
				ALWAYS_SEARCH_USER_PATHS = NO;
				CLANG_ANALYZER_NONNULL = YES;
				CLANG_ANALYZER_NUMBER_OBJECT_CONVERSION = YES_AGGRESSIVE;
				CLANG_CXX_LANGUAGE_STANDARD = "gnu++0x";
				CLANG_CXX_LIBRARY = "libc++";
				CLANG_ENABLE_MODULES = YES;
				CLANG_ENABLE_OBJC_ARC = YES;
				CLANG_WARN_BOOL_CONVERSION = YES;
				CLANG_WARN_CONSTANT_CONVERSION = YES;
				CLANG_WARN_DIRECT_OBJC_ISA_USAGE = YES_ERROR;
				CLANG_WARN_DOCUMENTATION_COMMENTS = YES;
				CLANG_WARN_EMPTY_BODY = YES;
				CLANG_WARN_ENUM_CONVERSION = YES;
				CLANG_WARN_INFINITE_RECURSION = YES;
				CLANG_WARN_INT_CONVERSION = YES;
				CLANG_WARN_OBJC_ROOT_CLASS = YES_ERROR;
				CLANG_WARN_SUSPICIOUS_MOVE = YES;
				CLANG_WARN_UNREACHABLE_CODE = YES;
				CLANG_WARN__DUPLICATE_METHOD_MATCH = YES;
				"CODE_SIGN_IDENTITY[sdk=iphoneos*]" = "iPhone Developer";
				COPY_PHASE_STRIP = NO;
				DEBUG_INFORMATION_FORMAT = dwarf;
				ENABLE_STRICT_OBJC_MSGSEND = YES;
				ENABLE_TESTABILITY = YES;
				GCC_C_LANGUAGE_STANDARD = gnu99;
				GCC_DYNAMIC_NO_PIC = NO;
				GCC_NO_COMMON_BLOCKS = YES;
				GCC_OPTIMIZATION_LEVEL = 0;
				GCC_PREPROCESSOR_DEFINITIONS = (
					"DEBUG=1",
					"$(inherited)",
				);
				GCC_WARN_64_TO_32_BIT_CONVERSION = YES;
				GCC_WARN_ABOUT_RETURN_TYPE = YES_ERROR;
				GCC_WARN_UNDECLARED_SELECTOR = YES;
				GCC_WARN_UNINITIALIZED_AUTOS = YES_AGGRESSIVE;
				GCC_WARN_UNUSED_FUNCTION = YES;
				GCC_WARN_UNUSED_VARIABLE = YES;
				IPHONEOS_DEPLOYMENT_TARGET = 10.3;
				MTL_ENABLE_DEBUG_INFO = YES;
				ONLY_ACTIVE_ARCH = YES;
				SDKROOT = iphoneos;
				SWIFT_ACTIVE_COMPILATION_CONDITIONS = DEBUG;
				SWIFT_OPTIMIZATION_LEVEL = "-Onone";
				TARGETED_DEVICE_FAMILY = "1,2";
			};
			name = Debug;
		};
		B67342FF1EC42FF300F70CB9 /* Release */ = {
			isa = XCBuildConfiguration;
			buildSettings = {
				ALWAYS_SEARCH_USER_PATHS = NO;
				CLANG_ANALYZER_NONNULL = YES;
				CLANG_ANALYZER_NUMBER_OBJECT_CONVERSION = YES_AGGRESSIVE;
				CLANG_CXX_LANGUAGE_STANDARD = "gnu++0x";
				CLANG_CXX_LIBRARY = "libc++";
				CLANG_ENABLE_MODULES = YES;
				CLANG_ENABLE_OBJC_ARC = YES;
				CLANG_WARN_BOOL_CONVERSION = YES;
				CLANG_WARN_CONSTANT_CONVERSION = YES;
				CLANG_WARN_DIRECT_OBJC_ISA_USAGE = YES_ERROR;
				CLANG_WARN_DOCUMENTATION_COMMENTS = YES;
				CLANG_WARN_EMPTY_BODY = YES;
				CLANG_WARN_ENUM_CONVERSION = YES;
				CLANG_WARN_INFINITE_RECURSION = YES;
				CLANG_WARN_INT_CONVERSION = YES;
				CLANG_WARN_OBJC_ROOT_CLASS = YES_ERROR;
				CLANG_WARN_SUSPICIOUS_MOVE = YES;
				CLANG_WARN_UNREACHABLE_CODE = YES;
				CLANG_WARN__DUPLICATE_METHOD_MATCH = YES;
				"CODE_SIGN_IDENTITY[sdk=iphoneos*]" = "iPhone Developer";
				COPY_PHASE_STRIP = NO;
				DEBUG_INFORMATION_FORMAT = "dwarf-with-dsym";
				ENABLE_NS_ASSERTIONS = NO;
				ENABLE_STRICT_OBJC_MSGSEND = YES;
				GCC_C_LANGUAGE_STANDARD = gnu99;
				GCC_NO_COMMON_BLOCKS = YES;
				GCC_WARN_64_TO_32_BIT_CONVERSION = YES;
				GCC_WARN_ABOUT_RETURN_TYPE = YES_ERROR;
				GCC_WARN_UNDECLARED_SELECTOR = YES;
				GCC_WARN_UNINITIALIZED_AUTOS = YES_AGGRESSIVE;
				GCC_WARN_UNUSED_FUNCTION = YES;
				GCC_WARN_UNUSED_VARIABLE = YES;
				IPHONEOS_DEPLOYMENT_TARGET = 10.3;
				MTL_ENABLE_DEBUG_INFO = NO;
				SDKROOT = iphoneos;
				SWIFT_OPTIMIZATION_LEVEL = "-Owholemodule";
				TARGETED_DEVICE_FAMILY = "1,2";
				VALIDATE_PRODUCT = YES;
			};
			name = Release;
		};
		B67343011EC42FF300F70CB9 /* Debug */ = {
			isa = XCBuildConfiguration;
			baseConfigurationReference = D089A6ACEC80D0C5E0064107 /* Pods-TabSample.debug.xcconfig */;
			buildSettings = {
				ASSETCATALOG_COMPILER_APPICON_NAME = AppIcon;
				DEVELOPMENT_TEAM = 9BA693QNQ5;
				INFOPLIST_FILE = TabSample/Info.plist;
				LD_RUNPATH_SEARCH_PATHS = "$(inherited) @executable_path/Frameworks";
				PRODUCT_BUNDLE_IDENTIFIER = com.shiiiiigeeeee10.TabSample;
				PRODUCT_NAME = "$(TARGET_NAME)";
				SWIFT_VERSION = 3.0;
			};
			name = Debug;
		};
		B67343021EC42FF300F70CB9 /* Release */ = {
			isa = XCBuildConfiguration;
			baseConfigurationReference = F2A8D764CB120FBF03C755D6 /* Pods-TabSample.release.xcconfig */;
			buildSettings = {
				ASSETCATALOG_COMPILER_APPICON_NAME = AppIcon;
				DEVELOPMENT_TEAM = 9BA693QNQ5;
				INFOPLIST_FILE = TabSample/Info.plist;
				LD_RUNPATH_SEARCH_PATHS = "$(inherited) @executable_path/Frameworks";
				PRODUCT_BUNDLE_IDENTIFIER = com.shiiiiigeeeee10.TabSample;
				PRODUCT_NAME = "$(TARGET_NAME)";
				SWIFT_VERSION = 3.0;
			};
			name = Release;
		};
/* End XCBuildConfiguration section */

/* Begin XCConfigurationList section */
		B67342E61EC42FF300F70CB9 /* Build configuration list for PBXProject "TabSample" */ = {
			isa = XCConfigurationList;
			buildConfigurations = (
				B67342FE1EC42FF300F70CB9 /* Debug */,
				B67342FF1EC42FF300F70CB9 /* Release */,
			);
			defaultConfigurationIsVisible = 0;
			defaultConfigurationName = Release;
		};
		B67343001EC42FF300F70CB9 /* Build configuration list for PBXNativeTarget "TabSample" */ = {
			isa = XCConfigurationList;
			buildConfigurations = (
				B67343011EC42FF300F70CB9 /* Debug */,
				B67343021EC42FF300F70CB9 /* Release */,
			);
			defaultConfigurationIsVisible = 0;
			defaultConfigurationName = Release;
		};
/* End XCConfigurationList section */

/* Begin XCVersionGroup section */
		B67342F51EC42FF300F70CB9 /* TabSample.xcdatamodeld */ = {
			isa = XCVersionGroup;
			children = (
				B67342F61EC42FF300F70CB9 /* TabSample.xcdatamodel */,
			);
			currentVersion = B67342F61EC42FF300F70CB9 /* TabSample.xcdatamodel */;
			path = TabSample.xcdatamodeld;
			sourceTree = "<group>";
			versionGroupType = wrapper.xcdatamodel;
		};
/* End XCVersionGroup section */
	};
	rootObject = B67342E31EC42FF300F70CB9 /* Project object */;
}
